
Microsoft Visual Studio Solution File, Format Version 12.00
# Visual Studio 14
VisualStudioVersion = 14.0.25123.0
MinimumVisualStudioVersion = 10.0.40219.1
Project("{2150E333-8FDC-42A3-9474-1A3956D46DE8}") = "Web", "Web", "{DE82B056-A9B8-4F06-B869-3C5ECA12534D}"
EndProject
Project("{FAE04EC0-301F-11D3-BF4B-00C04F79EFBC}") = "LearningSystem.Web", "Web\LearningSystem.Web\LearningSystem.Web.csproj", "{D8BCF674-EB9A-4663-81D2-D20154886D7F}"
EndProject
Project("{2150E333-8FDC-42A3-9474-1A3956D46DE8}") = "Data", "Data", "{FADADE0D-B651-4463-A901-04FCC2293197}"
EndProject
Project("{FAE04EC0-301F-11D3-BF4B-00C04F79EFBC}") = "LearningSystem.Data", "Data\LearningSystem.Data\LearningSystem.Data.csproj", "{EE854CAE-FA50-4429-905E-1942EF862D37}"
EndProject
Project("{FAE04EC0-301F-11D3-BF4B-00C04F79EFBC}") = "LearningSystem.Models", "Data\LearningSystem.Models\LearningSystem.Models.csproj", "{4616DD91-0D4A-4A88-8B98-D30F8C7EA0DF}"
EndProject
Project("{2150E333-8FDC-42A3-9474-1A3956D46DE8}") = "Common", "Common", "{818F2F78-7F34-440C-8D76-E0CCBBAE2008}"
EndProject
Project("{2150E333-8FDC-42A3-9474-1A3956D46DE8}") = "Services", "Services", "{FD4A451A-9E56-45DA-83A7-06B6F41D53AE}"
EndProject
Project("{2150E333-8FDC-42A3-9474-1A3956D46DE8}") = "Tests", "Tests", "{BAE4465B-4610-40E4-92AD-BEA54FFF7EB4}"
EndProject
Project("{FAE04EC0-301F-11D3-BF4B-00C04F79EFBC}") = "LearningSystem.Common", "Common\LearningSystem.Common\LearningSystem.Common.csproj", "{E408CEFC-527A-45DA-829A-0F05FF9283C2}"
EndProject
Project("{2150E333-8FDC-42A3-9474-1A3956D46DE8}") = "ViewModels", "ViewModels", "{423EB60D-297A-4789-BDBC-BF7F4E90BBC3}"
EndProject
Project("{FAE04EC0-301F-11D3-BF4B-00C04F79EFBC}") = "LearningSystem.Services", "Services\LearningSystem.Services\LearningSystem.Services.csproj", "{03B4B90F-3A41-4767-BECD-F0DD5C42B4AB}"
EndProject
Project("{FAE04EC0-301F-11D3-BF4B-00C04F79EFBC}") = "LearningSystem.ViewModels", "ViewModels\LearningSystem.ViewModels\LearningSystem.ViewModels.csproj", "{F513144B-D04C-43A5-9E2B-65A37D6D3A6A}"
EndProject
Project("{FAE04EC0-301F-11D3-BF4B-00C04F79EFBC}") = "LearningSystem.UnitTests", "Tests\LearningSystem.UnitTests\LearningSystem.UnitTests.csproj", "{45BA6484-1D61-4CEF-8AB8-3DCC2A7E6E2E}"
EndProject
Global
	GlobalSection(SolutionConfigurationPlatforms) = preSolution
		Debug|Any CPU = Debug|Any CPU
		Release|Any CPU = Release|Any CPU
	EndGlobalSection
	GlobalSection(ProjectConfigurationPlatforms) = postSolution
		{D8BCF674-EB9A-4663-81D2-D20154886D7F}.Debug|Any CPU.ActiveCfg = Debug|Any CPU
		{D8BCF674-EB9A-4663-81D2-D20154886D7F}.Debug|Any CPU.Build.0 = Debug|Any CPU
		{D8BCF674-EB9A-4663-81D2-D20154886D7F}.Release|Any CPU.ActiveCfg = Release|Any CPU
		{D8BCF674-EB9A-4663-81D2-D20154886D7F}.Release|Any CPU.Build.0 = Release|Any CPU
		{EE854CAE-FA50-4429-905E-1942EF862D37}.Debug|Any CPU.ActiveCfg = Debug|Any CPU
		{EE854CAE-FA50-4429-905E-1942EF862D37}.Debug|Any CPU.Build.0 = Debug|Any CPU
		{EE854CAE-FA50-4429-905E-1942EF862D37}.Release|Any CPU.ActiveCfg = Release|Any CPU
		{EE854CAE-FA50-4429-905E-1942EF862D37}.Release|Any CPU.Build.0 = Release|Any CPU
		{4616DD91-0D4A-4A88-8B98-D30F8C7EA0DF}.Debug|Any CPU.ActiveCfg = Debug|Any CPU
		{4616DD91-0D4A-4A88-8B98-D30F8C7EA0DF}.Debug|Any CPU.Build.0 = Debug|Any CPU
		{4616DD91-0D4A-4A88-8B98-D30F8C7EA0DF}.Release|Any CPU.ActiveCfg = Release|Any CPU
		{4616DD91-0D4A-4A88-8B98-D30F8C7EA0DF}.Release|Any CPU.Build.0 = Release|Any CPU
		{E408CEFC-527A-45DA-829A-0F05FF9283C2}.Debug|Any CPU.ActiveCfg = Debug|Any CPU
		{E408CEFC-527A-45DA-829A-0F05FF9283C2}.Debug|Any CPU.Build.0 = Debug|Any CPU
		{E408CEFC-527A-45DA-829A-0F05FF9283C2}.Release|Any CPU.ActiveCfg = Release|Any CPU
		{E408CEFC-527A-45DA-829A-0F05FF9283C2}.Release|Any CPU.Build.0 = Release|Any CPU
		{03B4B90F-3A41-4767-BECD-F0DD5C42B4AB}.Debug|Any CPU.ActiveCfg = Debug|Any CPU
		{03B4B90F-3A41-4767-BECD-F0DD5C42B4AB}.Debug|Any CPU.Build.0 = Debug|Any CPU
		{03B4B90F-3A41-4767-BECD-F0DD5C42B4AB}.Release|Any CPU.ActiveCfg = Release|Any CPU
		{03B4B90F-3A41-4767-BECD-F0DD5C42B4AB}.Release|Any CPU.Build.0 = Release|Any CPU
		{F513144B-D04C-43A5-9E2B-65A37D6D3A6A}.Debug|Any CPU.ActiveCfg = Debug|Any CPU
		{F513144B-D04C-43A5-9E2B-65A37D6D3A6A}.Debug|Any CPU.Build.0 = Debug|Any CPU
		{F513144B-D04C-43A5-9E2B-65A37D6D3A6A}.Release|Any CPU.ActiveCfg = Release|Any CPU
		{F513144B-D04C-43A5-9E2B-65A37D6D3A6A}.Release|Any CPU.Build.0 = Release|Any CPU
		{45BA6484-1D61-4CEF-8AB8-3DCC2A7E6E2E}.Debug|Any CPU.ActiveCfg = Debug|Any CPU
		{45BA6484-1D61-4CEF-8AB8-3DCC2A7E6E2E}.Debug|Any CPU.Build.0 = Debug|Any CPU
		{45BA6484-1D61-4CEF-8AB8-3DCC2A7E6E2E}.Release|Any CPU.ActiveCfg = Release|Any CPU
		{45BA6484-1D61-4CEF-8AB8-3DCC2A7E6E2E}.Release|Any CPU.Build.0 = Release|Any CPU
	EndGlobalSection
	GlobalSection(SolutionProperties) = preSolution
		HideSolutionNode = FALSE
	EndGlobalSection
	GlobalSection(NestedProjects) = preSolution
		{D8BCF674-EB9A-4663-81D2-D20154886D7F} = {DE82B056-A9B8-4F06-B869-3C5ECA12534D}
		{EE854CAE-FA50-4429-905E-1942EF862D37} = {FADADE0D-B651-4463-A901-04FCC2293197}
		{4616DD91-0D4A-4A88-8B98-D30F8C7EA0DF} = {FADADE0D-B651-4463-A901-04FCC2293197}
		{E408CEFC-527A-45DA-829A-0F05FF9283C2} = {818F2F78-7F34-440C-8D76-E0CCBBAE2008}
		{03B4B90F-3A41-4767-BECD-F0DD5C42B4AB} = {FD4A451A-9E56-45DA-83A7-06B6F41D53AE}
		{F513144B-D04C-43A5-9E2B-65A37D6D3A6A} = {423EB60D-297A-4789-BDBC-BF7F4E90BBC3}
		{45BA6484-1D61-4CEF-8AB8-3DCC2A7E6E2E} = {BAE4465B-4610-40E4-92AD-BEA54FFF7EB4}
	EndGlobalSection
EndGlobal
